
Microsoft Visual Studio Solution File, Format Version 12.00
# Visual Studio Version 16
VisualStudioVersion = 16.0.29123.88
MinimumVisualStudioVersion = 10.0.40219.1
Project("{FAE04EC0-301F-11D3-BF4B-00C04F79EFBC}") = "InfoTrackSeo", "InfoTrackSeo.csproj", "{442DF524-FF52-40F4-B25E-0D199D742879}"
EndProject
Project("{FAE04EC0-301F-11D3-BF4B-00C04F79EFBC}") = "InfoTrackSeoTest", "..\InfoTrackSeoTest\InfoTrackSeoTest.csproj", "{C6560021-BBF1-4A97-A1EF-FF6B83F25D83}"
EndProject
Global
	GlobalSection(SolutionConfigurationPlatforms) = preSolution
		Debug|Any CPU = Debug|Any CPU
		Release|Any CPU = Release|Any CPU
	EndGlobalSection
	GlobalSection(ProjectConfigurationPlatforms) = postSolution
		{442DF524-FF52-40F4-B25E-0D199D742879}.Debug|Any CPU.ActiveCfg = Debug|Any CPU
		{442DF524-FF52-40F4-B25E-0D199D742879}.Debug|Any CPU.Build.0 = Debug|Any CPU
		{442DF524-FF52-40F4-B25E-0D199D742879}.Release|Any CPU.ActiveCfg = Release|Any CPU
		{442DF524-FF52-40F4-B25E-0D199D742879}.Release|Any CPU.Build.0 = Release|Any CPU
		{C6560021-BBF1-4A97-A1EF-FF6B83F25D83}.Debug|Any CPU.ActiveCfg = Debug|Any CPU
		{C6560021-BBF1-4A97-A1EF-FF6B83F25D83}.Debug|Any CPU.Build.0 = Debug|Any CPU
		{C6560021-BBF1-4A97-A1EF-FF6B83F25D83}.Release|Any CPU.ActiveCfg = Release|Any CPU
		{C6560021-BBF1-4A97-A1EF-FF6B83F25D83}.Release|Any CPU.Build.0 = Release|Any CPU
	EndGlobalSection
	GlobalSection(SolutionProperties) = preSolution
		HideSolutionNode = FALSE
	EndGlobalSection
	GlobalSection(ExtensibilityGlobals) = postSolution
		SolutionGuid = {14201402-128D-466C-8BF8-C49AB191B3EB}
	EndGlobalSection
EndGlobal
